<?xml version="1.0" encoding="utf-8"?>
<Project ToolsVersion="4.0" xmlns="http://schemas.microsoft.com/developer/msbuild/2003">
  <ItemGroup>
    <Filter Include="Common">
      <UniqueIdentifier>6c9334a1-c09e-4936-9def-03963daf9051</UniqueIdentifier>
    </Filter>
    <Filter Include="Assets">
      <UniqueIdentifier>af612c47-31c2-4c3b-8cd3-cd3b372782e2</UniqueIdentifier>
      <Extensions>ico;cur;bmp;dds;dlg;fbx;rct;bin;rgs;gif;jpg;jpeg;jpe;resx;tga;tiff;tif;png;wav;mfcribbon-ms</Extensions>
    </Filter>
    <Filter Include="Debug">
      <UniqueIdentifier>{2b8f45e4-56cb-4b27-b763-b93be80600b4}</UniqueIdentifier>
    </Filter>
    <Filter Include="Framework">
      <UniqueIdentifier>{01018508-b649-4b3a-aed0-a7af4784bd82}</UniqueIdentifier>
    </Filter>
  </ItemGroup>
  <ItemGroup>
    <ClInclude Include="pch.h" />
    <ClInclude Include="StepTimer.h">
      <Filter>Common</Filter>
    </ClInclude>
    <ClInclude Include="DeviceResources.h">
      <Filter>Common</Filter>
    </ClInclude>
    <ClInclude Include="DebugCamera.h">
      <Filter>Debug</Filter>
    </ClInclude>
    <ClInclude Include="GridFloor.h">
      <Filter>Debug</Filter>
    </ClInclude>
    <ClInclude Include="MyGame.h" />
    <ClInclude Include="Game.h">
      <Filter>Framework</Filter>
    </ClInclude>
    <ClInclude Include="GameCamera.h">
      <Filter>Framework</Filter>
    </ClInclude>
    <ClInclude Include="GameContext.h">
      <Filter>Framework</Filter>
    </ClInclude>
    <ClInclude Include="BinaryFile.h" />
  </ItemGroup>
  <ItemGroup>
    <ClCompile Include="pch.cpp" />
    <ClCompile Include="DeviceResources.cpp">
      <Filter>Common</Filter>
    </ClCompile>
    <ClCompile Include="DebugCamera.cpp">
      <Filter>Debug</Filter>
    </ClCompile>
    <ClCompile Include="GridFloor.cpp">
      <Filter>Debug</Filter>
    </ClCompile>
    <ClCompile Include="MyGame.cpp" />
    <ClCompile Include="Game.cpp">
      <Filter>Framework</Filter>
    </ClCompile>
    <ClCompile Include="GameCamera.cpp">
      <Filter>Framework</Filter>
    </ClCompile>
    <ClCompile Include="Main.cpp" />
    <ClCompile Include="BinaryFile.cpp" />
  </ItemGroup>
  <ItemGroup>
    <ResourceCompile Include="resource.rc" />
  </ItemGroup>
  <ItemGroup>
    <Image Include="directx.ico">
      <Filter>Assets</Filter>
    </Image>
  </ItemGroup>
  <ItemGroup>
    <Manifest Include="settings.manifest">
      <Filter>Assets</Filter>
    </Manifest>
  </ItemGroup>
  <ItemGroup>
    <None Include="3DPGPropertySheet.props" />
    <None Include="Particle.hlsli" />
  </ItemGroup>
  <ItemGroup>
    <FxCompile Include="ParticleGS.hlsl" />
    <FxCompile Include="ParticlePS.hlsl" />
    <FxCompile Include="ParticleVS.hlsl" />
  </ItemGroup>
</Project>